<?xml version="1.0" encoding="utf-8"?>
<Project ToolsVersion="4.0" xmlns="http://schemas.microsoft.com/developer/msbuild/2003">
  <ItemGroup>
    <ClCompile Include="main.cpp" />
    <ClCompile Include="Engine\FileReader\File.cpp">
      <Filter>Engine\FileReader</Filter>
    </ClCompile>
    <ClCompile Include="Engine\Graphics\Arrow.cpp">
      <Filter>Engine\Graphics</Filter>
    </ClCompile>
    <ClCompile Include="Engine\Physics\Collision.cpp">
      <Filter>Engine\Physics</Filter>
    </ClCompile>
    <ClCompile Include="Engine\GameBase.cpp">
      <Filter>Engine</Filter>
    </ClCompile>
    <ClCompile Include="Game\Game.cpp">
      <Filter>Gameplay</Filter>
    </ClCompile>
    <ClCompile Include="..\external\imgui-master\imgui.cpp">
      <Filter>Engine\ImGui</Filter>
    </ClCompile>
    <ClCompile Include="..\external\imgui-master\imgui_demo.cpp">
      <Filter>Engine\ImGui</Filter>
    </ClCompile>
    <ClCompile Include="..\external\imgui-master\imgui_draw.cpp">
      <Filter>Engine\ImGui</Filter>
    </ClCompile>
    <ClCompile Include="..\external\imgui-master\imgui_tables.cpp">
      <Filter>Engine\ImGui</Filter>
    </ClCompile>
    <ClCompile Include="..\external\imgui-sfml-master\imgui-SFML.cpp">
      <Filter>Engine\ImGui</Filter>
    </ClCompile>
    <ClCompile Include="..\external\imgui-master\imgui_widgets.cpp">
      <Filter>Engine\ImGui</Filter>
    </ClCompile>
    <ClCompile Include="Game\Context\Menu.cpp">
      <Filter>Gameplay\Context</Filter>
    </ClCompile>
    <ClCompile Include="Game\Context\Play.cpp">
      <Filter>Gameplay\Context</Filter>
    </ClCompile>
    <ClCompile Include="Engine\Graphics\Text.cpp">
      <Filter>Engine\Graphics</Filter>
    </ClCompile>
    <ClCompile Include="Engine\Entity\Entity.cpp">
      <Filter>Engine\Entity</Filter>
    </ClCompile>
    <ClCompile Include="Game\Entity\Animal.cpp">
      <Filter>Gameplay\Entity</Filter>
    </ClCompile>
    <ClCompile Include="Engine\GameStructure\Context.cpp">
      <Filter>Engine\GameStructure</Filter>
    </ClCompile>
    <ClCompile Include="Engine\GameStructure\Grid.cpp">
      <Filter>Engine\GameStructure</Filter>
    </ClCompile>
    <ClCompile Include="Game\Entity\Plant.cpp">
      <Filter>Gameplay\Entity</Filter>
    </ClCompile>
  </ItemGroup>
  <ItemGroup>
    <ClInclude Include="Engine\FileReader\File.h">
      <Filter>Engine\FileReader</Filter>
    </ClInclude>
    <ClInclude Include="Engine\Graphics\Arrow.h">
      <Filter>Engine\Graphics</Filter>
    </ClInclude>
    <ClInclude Include="Engine\Physics\Collision.h">
      <Filter>Engine\Physics</Filter>
    </ClInclude>
    <ClInclude Include="Engine\GameBase.h">
      <Filter>Engine</Filter>
    </ClInclude>
    <ClInclude Include="Game\Game.h">
      <Filter>Gameplay</Filter>
    </ClInclude>
    <ClInclude Include="..\external\imgui-master\imgui.h">
      <Filter>Engine\ImGui</Filter>
    </ClInclude>
    <ClInclude Include="..\external\imgui-master\imgui_internal.h">
      <Filter>Engine\ImGui</Filter>
    </ClInclude>
    <ClInclude Include="..\external\imgui-sfml-master\imgui-SFML.h">
      <Filter>Engine\ImGui</Filter>
    </ClInclude>
    <ClInclude Include="Game\Context\Menu.h">
      <Filter>Gameplay\Context</Filter>
    </ClInclude>
    <ClInclude Include="Game\Context\Play.h">
      <Filter>Gameplay\Context</Filter>
    </ClInclude>
    <ClInclude Include="Engine\Graphics\Text.h">
      <Filter>Engine\Graphics</Filter>
    </ClInclude>
    <ClInclude Include="stdafx.h" />
    <ClInclude Include="resource.h">
      <Filter>Resources</Filter>
    </ClInclude>
    <ClInclude Include="Engine\Entity\Entity.h">
      <Filter>Engine\Entity</Filter>
    </ClInclude>
    <ClInclude Include="Engine\Entity\Direction.h">
      <Filter>Engine\Entity</Filter>
    </ClInclude>
    <ClInclude Include="Game\Entity\Animal.h">
      <Filter>Gameplay\Entity</Filter>
    </ClInclude>
    <ClInclude Include="Engine\GameStructure\Context.h">
      <Filter>Engine\GameStructure</Filter>
    </ClInclude>
    <ClInclude Include="Engine\GameStructure\Grid.h">
      <Filter>Engine\GameStructure</Filter>
    </ClInclude>
    <ClInclude Include="Game\Entity\Diet.h">
      <Filter>Gameplay\Entity</Filter>
    </ClInclude>
    <ClInclude Include="Game\Entity\Species.h">
      <Filter>Gameplay\Entity</Filter>
    </ClInclude>
    <ClInclude Include="Game\Entity\Plant.h">
      <Filter>Gameplay\Entity</Filter>
    </ClInclude>
    <ClInclude Include="Game\Entity\Gender.h">
      <Filter>Gameplay\Entity</Filter>
    </ClInclude>
  </ItemGroup>
  <ItemGroup>
    <ResourceCompile Include="ecosystem.rc" />
  </ItemGroup>
  <ItemGroup>
    <Filter Include="Engine">
      <UniqueIdentifier>{46557e4a-91ba-4c4a-819d-d984ecbc6b75}</UniqueIdentifier>
    </Filter>
    <Filter Include="Engine\FileReader">
      <UniqueIdentifier>{a2df63e9-357d-4198-9593-524aafa6d501}</UniqueIdentifier>
    </Filter>
    <Filter Include="Engine\Graphics">
      <UniqueIdentifier>{ce4e3b0f-be03-4fd6-b1a2-1d26aa7b634a}</UniqueIdentifier>
    </Filter>
    <Filter Include="Engine\Physics">
      <UniqueIdentifier>{077ef3d0-aedb-4edb-bec4-2b53fc1f5cbf}</UniqueIdentifier>
    </Filter>
    <Filter Include="Gameplay">
      <UniqueIdentifier>{0e27b864-c9e0-4c5a-814b-db4e44565b8d}</UniqueIdentifier>
    </Filter>
    <Filter Include="Engine\ImGui">
      <UniqueIdentifier>{0b12c5d5-5943-46a6-b225-be71c2403a18}</UniqueIdentifier>
    </Filter>
    <Filter Include="Gameplay\Context">
      <UniqueIdentifier>{32b54741-7f20-40d0-a429-529abcef7bf1}</UniqueIdentifier>
    </Filter>
    <Filter Include="Resources">
      <UniqueIdentifier>{91ebf34b-016b-4cae-9406-76747142ae42}</UniqueIdentifier>
    </Filter>
    <Filter Include="Engine\Entity">
      <UniqueIdentifier>{0cc93387-c905-4df8-9669-8f8999f4e539}</UniqueIdentifier>
    </Filter>
    <Filter Include="Gameplay\Entity">
      <UniqueIdentifier>{ca842e25-633d-4248-b009-a7b7d81b9bb6}</UniqueIdentifier>
    </Filter>
    <Filter Include="Engine\GameStructure">
      <UniqueIdentifier>{3571aa2f-77c3-4fa0-b403-c13d875de66f}</UniqueIdentifier>
    </Filter>
  </ItemGroup>
</Project>